
Microsoft Visual Studio Solution File, Format Version 12.00
# Visual Studio 15
VisualStudioVersion = 15.0.26730.16
MinimumVisualStudioVersion = 10.0.40219.1
Project("{FAE04EC0-301F-11D3-BF4B-00C04F79EFBC}") = "LibraryAssistantGui", "LibraryAssistantGui\LibraryAssistantGui.csproj", "{8E952327-3AEC-4DFD-9A64-78163D24021E}"
EndProject
Global
	GlobalSection(SolutionConfigurationPlatforms) = preSolution
		Debug|Any CPU = Debug|Any CPU
		Release|Any CPU = Release|Any CPU
	EndGlobalSection
	GlobalSection(ProjectConfigurationPlatforms) = postSolution
		{8E952327-3AEC-4DFD-9A64-78163D24021E}.Debug|Any CPU.ActiveCfg = Debug|Any CPU
		{8E952327-3AEC-4DFD-9A64-78163D24021E}.Debug|Any CPU.Build.0 = Debug|Any CPU
		{8E952327-3AEC-4DFD-9A64-78163D24021E}.Release|Any CPU.ActiveCfg = Release|Any CPU
		{8E952327-3AEC-4DFD-9A64-78163D24021E}.Release|Any CPU.Build.0 = Release|Any CPU
	EndGlobalSection
	GlobalSection(SolutionProperties) = preSolution
		HideSolutionNode = FALSE
	EndGlobalSection
	GlobalSection(ExtensibilityGlobals) = postSolution
		SolutionGuid = {6CDCF44A-F1CF-4453-9C55-565F2FAA724C}
	EndGlobalSection
EndGlobal
