
Microsoft Visual Studio Solution File, Format Version 12.00
# Visual Studio 15
VisualStudioVersion = 15.0.27004.2010
MinimumVisualStudioVersion = 10.0.40219.1
Project("{FAE04EC0-301F-11D3-BF4B-00C04F79EFBC}") = "Primzahlen", "PEA\Primzahlen.csproj", "{FC14EA27-604E-40B8-AE16-839AAD6C9A4E}"
EndProject
Project("{FAE04EC0-301F-11D3-BF4B-00C04F79EFBC}") = "ErwGrundlagen", "ErwGrundlagen\ErwGrundlagen.csproj", "{9734A9C9-9B72-4273-AC74-C705F46EB94F}"
EndProject
Project("{FAE04EC0-301F-11D3-BF4B-00C04F79EFBC}") = "VektorTestat", "VektorTestat\VektorTestat.csproj", "{AE0F5769-E807-436A-B760-CF5682992AAE}"
EndProject
Project("{FAE04EC0-301F-11D3-BF4B-00C04F79EFBC}") = "DelegateEvent", "DelegateEvent\DelegateEvent.csproj", "{EFD6E010-FC68-4ADD-A6F7-9CDE5122E9F2}"
EndProject
Project("{FAE04EC0-301F-11D3-BF4B-00C04F79EFBC}") = "WPFTestat", "WPFTestat\WPFTestat.csproj", "{7349EF0F-D99E-49F7-9CF1-9102BF9A270F}"
EndProject
<<<<<<< HEAD
Project("{FAE04EC0-301F-11D3-BF4B-00C04F79EFBC}") = "Iteratoren", "Iteratoren\Iteratoren.csproj", "{1C8A386A-8C45-4A23-9413-546ACEAE8930}"
=======
Project("{FAE04EC0-301F-11D3-BF4B-00C04F79EFBC}") = "ObjectCopy", "ObjectCopy\ObjectCopy.csproj", "{F0E26EB0-455C-41FF-B3D2-BA50AFDE70DB}"
>>>>>>> a8d98a7043c42a4d7e3b61357c502c2c112b989f
EndProject
Global
	GlobalSection(SolutionConfigurationPlatforms) = preSolution
		Debug|Any CPU = Debug|Any CPU
		Release|Any CPU = Release|Any CPU
	EndGlobalSection
	GlobalSection(ProjectConfigurationPlatforms) = postSolution
		{FC14EA27-604E-40B8-AE16-839AAD6C9A4E}.Debug|Any CPU.ActiveCfg = Debug|Any CPU
		{FC14EA27-604E-40B8-AE16-839AAD6C9A4E}.Debug|Any CPU.Build.0 = Debug|Any CPU
		{FC14EA27-604E-40B8-AE16-839AAD6C9A4E}.Release|Any CPU.ActiveCfg = Release|Any CPU
		{FC14EA27-604E-40B8-AE16-839AAD6C9A4E}.Release|Any CPU.Build.0 = Release|Any CPU
		{9734A9C9-9B72-4273-AC74-C705F46EB94F}.Debug|Any CPU.ActiveCfg = Debug|Any CPU
		{9734A9C9-9B72-4273-AC74-C705F46EB94F}.Debug|Any CPU.Build.0 = Debug|Any CPU
		{9734A9C9-9B72-4273-AC74-C705F46EB94F}.Release|Any CPU.ActiveCfg = Release|Any CPU
		{9734A9C9-9B72-4273-AC74-C705F46EB94F}.Release|Any CPU.Build.0 = Release|Any CPU
		{AE0F5769-E807-436A-B760-CF5682992AAE}.Debug|Any CPU.ActiveCfg = Debug|Any CPU
		{AE0F5769-E807-436A-B760-CF5682992AAE}.Debug|Any CPU.Build.0 = Debug|Any CPU
		{AE0F5769-E807-436A-B760-CF5682992AAE}.Release|Any CPU.ActiveCfg = Release|Any CPU
		{AE0F5769-E807-436A-B760-CF5682992AAE}.Release|Any CPU.Build.0 = Release|Any CPU
		{EFD6E010-FC68-4ADD-A6F7-9CDE5122E9F2}.Debug|Any CPU.ActiveCfg = Debug|Any CPU
		{EFD6E010-FC68-4ADD-A6F7-9CDE5122E9F2}.Debug|Any CPU.Build.0 = Debug|Any CPU
		{EFD6E010-FC68-4ADD-A6F7-9CDE5122E9F2}.Release|Any CPU.ActiveCfg = Release|Any CPU
		{EFD6E010-FC68-4ADD-A6F7-9CDE5122E9F2}.Release|Any CPU.Build.0 = Release|Any CPU
		{7349EF0F-D99E-49F7-9CF1-9102BF9A270F}.Debug|Any CPU.ActiveCfg = Debug|Any CPU
		{7349EF0F-D99E-49F7-9CF1-9102BF9A270F}.Debug|Any CPU.Build.0 = Debug|Any CPU
		{7349EF0F-D99E-49F7-9CF1-9102BF9A270F}.Release|Any CPU.ActiveCfg = Release|Any CPU
		{7349EF0F-D99E-49F7-9CF1-9102BF9A270F}.Release|Any CPU.Build.0 = Release|Any CPU
<<<<<<< HEAD
		{1C8A386A-8C45-4A23-9413-546ACEAE8930}.Debug|Any CPU.ActiveCfg = Debug|Any CPU
		{1C8A386A-8C45-4A23-9413-546ACEAE8930}.Debug|Any CPU.Build.0 = Debug|Any CPU
		{1C8A386A-8C45-4A23-9413-546ACEAE8930}.Release|Any CPU.ActiveCfg = Release|Any CPU
		{1C8A386A-8C45-4A23-9413-546ACEAE8930}.Release|Any CPU.Build.0 = Release|Any CPU
=======
		{F0E26EB0-455C-41FF-B3D2-BA50AFDE70DB}.Debug|Any CPU.ActiveCfg = Debug|Any CPU
		{F0E26EB0-455C-41FF-B3D2-BA50AFDE70DB}.Debug|Any CPU.Build.0 = Debug|Any CPU
		{F0E26EB0-455C-41FF-B3D2-BA50AFDE70DB}.Release|Any CPU.ActiveCfg = Release|Any CPU
		{F0E26EB0-455C-41FF-B3D2-BA50AFDE70DB}.Release|Any CPU.Build.0 = Release|Any CPU
>>>>>>> a8d98a7043c42a4d7e3b61357c502c2c112b989f
	EndGlobalSection
	GlobalSection(SolutionProperties) = preSolution
		HideSolutionNode = FALSE
	EndGlobalSection
	GlobalSection(ExtensibilityGlobals) = postSolution
		SolutionGuid = {37212079-0E3D-44DF-9C10-84B975737330}
	EndGlobalSection
EndGlobal
