
Microsoft Visual Studio Solution File, Format Version 12.00
# Visual Studio 15
VisualStudioVersion = 15.0.27428.2037
MinimumVisualStudioVersion = 10.0.40219.1
Project("{FAE04EC0-301F-11D3-BF4B-00C04F79EFBC}") = "DBA", "DBA\DBA.csproj", "{08EA2A92-EE79-40FD-A9B7-8F7F8EA6A753}"
EndProject
Project("{FAE04EC0-301F-11D3-BF4B-00C04F79EFBC}") = "EFDatebaseFirst", "EFDatebaseFirst\EFDatebaseFirst.csproj", "{02C2D6F8-C4BA-40B2-9876-3AFE8088B013}"
EndProject
Global
	GlobalSection(SolutionConfigurationPlatforms) = preSolution
		Debug|Any CPU = Debug|Any CPU
		Release|Any CPU = Release|Any CPU
	EndGlobalSection
	GlobalSection(ProjectConfigurationPlatforms) = postSolution
		{08EA2A92-EE79-40FD-A9B7-8F7F8EA6A753}.Debug|Any CPU.ActiveCfg = Debug|Any CPU
		{08EA2A92-EE79-40FD-A9B7-8F7F8EA6A753}.Debug|Any CPU.Build.0 = Debug|Any CPU
		{08EA2A92-EE79-40FD-A9B7-8F7F8EA6A753}.Release|Any CPU.ActiveCfg = Release|Any CPU
		{08EA2A92-EE79-40FD-A9B7-8F7F8EA6A753}.Release|Any CPU.Build.0 = Release|Any CPU
		{02C2D6F8-C4BA-40B2-9876-3AFE8088B013}.Debug|Any CPU.ActiveCfg = Debug|Any CPU
		{02C2D6F8-C4BA-40B2-9876-3AFE8088B013}.Debug|Any CPU.Build.0 = Debug|Any CPU
		{02C2D6F8-C4BA-40B2-9876-3AFE8088B013}.Release|Any CPU.ActiveCfg = Release|Any CPU
		{02C2D6F8-C4BA-40B2-9876-3AFE8088B013}.Release|Any CPU.Build.0 = Release|Any CPU
	EndGlobalSection
	GlobalSection(SolutionProperties) = preSolution
		HideSolutionNode = FALSE
	EndGlobalSection
	GlobalSection(ExtensibilityGlobals) = postSolution
		SolutionGuid = {B9BABA27-F167-4281-95BD-725027EF617F}
	EndGlobalSection
EndGlobal
