
Microsoft Visual Studio Solution File, Format Version 12.00
# Visual Studio 15
VisualStudioVersion = 15.0.27428.2037
MinimumVisualStudioVersion = 10.0.40219.1
Project("{FAE04EC0-301F-11D3-BF4B-00C04F79EFBC}") = "StyleDemo", "StyleDemo\StyleDemo.csproj", "{A56842BC-7006-4ABF-B3D2-48BEECCDECD9}"
EndProject
Global
	GlobalSection(SolutionConfigurationPlatforms) = preSolution
		Debug|Any CPU = Debug|Any CPU
		Release|Any CPU = Release|Any CPU
	EndGlobalSection
	GlobalSection(ProjectConfigurationPlatforms) = postSolution
		{A56842BC-7006-4ABF-B3D2-48BEECCDECD9}.Debug|Any CPU.ActiveCfg = Debug|Any CPU
		{A56842BC-7006-4ABF-B3D2-48BEECCDECD9}.Debug|Any CPU.Build.0 = Debug|Any CPU
		{A56842BC-7006-4ABF-B3D2-48BEECCDECD9}.Release|Any CPU.ActiveCfg = Release|Any CPU
		{A56842BC-7006-4ABF-B3D2-48BEECCDECD9}.Release|Any CPU.Build.0 = Release|Any CPU
	EndGlobalSection
	GlobalSection(SolutionProperties) = preSolution
		HideSolutionNode = FALSE
	EndGlobalSection
	GlobalSection(ExtensibilityGlobals) = postSolution
		SolutionGuid = {C695FEC8-571D-4D18-8A4C-57B29EB68708}
	EndGlobalSection
EndGlobal
