
Microsoft Visual Studio Solution File, Format Version 12.00
# Visual Studio 15
VisualStudioVersion = 15.0.27428.2037
MinimumVisualStudioVersion = 10.0.40219.1
Project("{FAE04EC0-301F-11D3-BF4B-00C04F79EFBC}") = "WpfExercise", "WpfExercise\WpfExercise.csproj", "{26C7D31E-EFAF-4370-A49A-91B83C19C62B}"
EndProject
Global
	GlobalSection(SolutionConfigurationPlatforms) = preSolution
		Debug|Any CPU = Debug|Any CPU
		Release|Any CPU = Release|Any CPU
	EndGlobalSection
	GlobalSection(ProjectConfigurationPlatforms) = postSolution
		{26C7D31E-EFAF-4370-A49A-91B83C19C62B}.Debug|Any CPU.ActiveCfg = Debug|Any CPU
		{26C7D31E-EFAF-4370-A49A-91B83C19C62B}.Debug|Any CPU.Build.0 = Debug|Any CPU
		{26C7D31E-EFAF-4370-A49A-91B83C19C62B}.Release|Any CPU.ActiveCfg = Release|Any CPU
		{26C7D31E-EFAF-4370-A49A-91B83C19C62B}.Release|Any CPU.Build.0 = Release|Any CPU
	EndGlobalSection
	GlobalSection(SolutionProperties) = preSolution
		HideSolutionNode = FALSE
	EndGlobalSection
	GlobalSection(ExtensibilityGlobals) = postSolution
		SolutionGuid = {713F721E-B63D-466F-B4B4-18F5C698D59C}
	EndGlobalSection
EndGlobal
