
Microsoft Visual Studio Solution File, Format Version 12.00
# Visual Studio 15
VisualStudioVersion = 15.0.27428.2037
MinimumVisualStudioVersion = 10.0.40219.1
Project("{FAE04EC0-301F-11D3-BF4B-00C04F79EFBC}") = "TriggerTargetingTemplateElementsDemo", "TriggerTargetingTemplateElementsDemo\TriggerTargetingTemplateElementsDemo.csproj", "{5D5AFDCF-FED9-42C5-97CD-8A850C9CC060}"
EndProject
Global
	GlobalSection(SolutionConfigurationPlatforms) = preSolution
		Debug|Any CPU = Debug|Any CPU
		Release|Any CPU = Release|Any CPU
	EndGlobalSection
	GlobalSection(ProjectConfigurationPlatforms) = postSolution
		{5D5AFDCF-FED9-42C5-97CD-8A850C9CC060}.Debug|Any CPU.ActiveCfg = Debug|Any CPU
		{5D5AFDCF-FED9-42C5-97CD-8A850C9CC060}.Debug|Any CPU.Build.0 = Debug|Any CPU
		{5D5AFDCF-FED9-42C5-97CD-8A850C9CC060}.Release|Any CPU.ActiveCfg = Release|Any CPU
		{5D5AFDCF-FED9-42C5-97CD-8A850C9CC060}.Release|Any CPU.Build.0 = Release|Any CPU
	EndGlobalSection
	GlobalSection(SolutionProperties) = preSolution
		HideSolutionNode = FALSE
	EndGlobalSection
	GlobalSection(ExtensibilityGlobals) = postSolution
		SolutionGuid = {6CD8F8B0-AD59-4877-B34E-C2FBD04A0158}
	EndGlobalSection
EndGlobal
